
Microsoft Visual Studio Solution File, Format Version 12.00
# Visual Studio Version 16
VisualStudioVersion = 16.0.29025.244
MinimumVisualStudioVersion = 10.0.40219.1
Project("{FAE04EC0-301F-11D3-BF4B-00C04F79EFBC}") = "FFImageLoadingTest", "FFImageLoadingTest\FFImageLoadingTest\FFImageLoadingTest.csproj", "{59E0B263-16C5-4A78-A12C-8945AA777B42}"
EndProject
Project("{FAE04EC0-301F-11D3-BF4B-00C04F79EFBC}") = "FFImageLoadingTest.Android", "FFImageLoadingTest\FFImageLoadingTest.Android\FFImageLoadingTest.Android.csproj", "{2578CC75-52CA-4E97-9C97-A8453E0058CA}"
EndProject
Project("{FAE04EC0-301F-11D3-BF4B-00C04F79EFBC}") = "FFImageLoadingTest.iOS", "FFImageLoadingTest\FFImageLoadingTest.iOS\FFImageLoadingTest.iOS.csproj", "{F880865B-0D7B-4CCD-9A2E-14CE59EC664F}"
EndProject
Project("{FAE04EC0-301F-11D3-BF4B-00C04F79EFBC}") = "FFImageLoadingTest.UWP", "FFImageLoadingTest\FFImageLoadingTest.UWP\FFImageLoadingTest.UWP.csproj", "{C9F8F163-6604-4D4A-A4D0-CAC6506C56AE}"
EndProject
Global
	GlobalSection(SolutionConfigurationPlatforms) = preSolution
		Ad-Hoc|Any CPU = Ad-Hoc|Any CPU
		Ad-Hoc|ARM = Ad-Hoc|ARM
		Ad-Hoc|iPhone = Ad-Hoc|iPhone
		Ad-Hoc|iPhoneSimulator = Ad-Hoc|iPhoneSimulator
		Ad-Hoc|x64 = Ad-Hoc|x64
		Ad-Hoc|x86 = Ad-Hoc|x86
		AppStore|Any CPU = AppStore|Any CPU
		AppStore|ARM = AppStore|ARM
		AppStore|iPhone = AppStore|iPhone
		AppStore|iPhoneSimulator = AppStore|iPhoneSimulator
		AppStore|x64 = AppStore|x64
		AppStore|x86 = AppStore|x86
		Debug|Any CPU = Debug|Any CPU
		Debug|ARM = Debug|ARM
		Debug|iPhone = Debug|iPhone
		Debug|iPhoneSimulator = Debug|iPhoneSimulator
		Debug|x64 = Debug|x64
		Debug|x86 = Debug|x86
		Release|Any CPU = Release|Any CPU
		Release|ARM = Release|ARM
		Release|iPhone = Release|iPhone
		Release|iPhoneSimulator = Release|iPhoneSimulator
		Release|x64 = Release|x64
		Release|x86 = Release|x86
	EndGlobalSection
	GlobalSection(ProjectConfigurationPlatforms) = postSolution
		{59E0B263-16C5-4A78-A12C-8945AA777B42}.Ad-Hoc|Any CPU.ActiveCfg = Debug|Any CPU
		{59E0B263-16C5-4A78-A12C-8945AA777B42}.Ad-Hoc|Any CPU.Build.0 = Debug|Any CPU
		{59E0B263-16C5-4A78-A12C-8945AA777B42}.Ad-Hoc|ARM.ActiveCfg = Debug|Any CPU
		{59E0B263-16C5-4A78-A12C-8945AA777B42}.Ad-Hoc|ARM.Build.0 = Debug|Any CPU
		{59E0B263-16C5-4A78-A12C-8945AA777B42}.Ad-Hoc|iPhone.ActiveCfg = Debug|Any CPU
		{59E0B263-16C5-4A78-A12C-8945AA777B42}.Ad-Hoc|iPhone.Build.0 = Debug|Any CPU
		{59E0B263-16C5-4A78-A12C-8945AA777B42}.Ad-Hoc|iPhoneSimulator.ActiveCfg = Debug|Any CPU
		{59E0B263-16C5-4A78-A12C-8945AA777B42}.Ad-Hoc|iPhoneSimulator.Build.0 = Debug|Any CPU
		{59E0B263-16C5-4A78-A12C-8945AA777B42}.Ad-Hoc|x64.ActiveCfg = Debug|Any CPU
		{59E0B263-16C5-4A78-A12C-8945AA777B42}.Ad-Hoc|x64.Build.0 = Debug|Any CPU
		{59E0B263-16C5-4A78-A12C-8945AA777B42}.Ad-Hoc|x86.ActiveCfg = Debug|Any CPU
		{59E0B263-16C5-4A78-A12C-8945AA777B42}.Ad-Hoc|x86.Build.0 = Debug|Any CPU
		{59E0B263-16C5-4A78-A12C-8945AA777B42}.AppStore|Any CPU.ActiveCfg = Debug|Any CPU
		{59E0B263-16C5-4A78-A12C-8945AA777B42}.AppStore|Any CPU.Build.0 = Debug|Any CPU
		{59E0B263-16C5-4A78-A12C-8945AA777B42}.AppStore|ARM.ActiveCfg = Debug|Any CPU
		{59E0B263-16C5-4A78-A12C-8945AA777B42}.AppStore|ARM.Build.0 = Debug|Any CPU
		{59E0B263-16C5-4A78-A12C-8945AA777B42}.AppStore|iPhone.ActiveCfg = Debug|Any CPU
		{59E0B263-16C5-4A78-A12C-8945AA777B42}.AppStore|iPhone.Build.0 = Debug|Any CPU
		{59E0B263-16C5-4A78-A12C-8945AA777B42}.AppStore|iPhoneSimulator.ActiveCfg = Debug|Any CPU
		{59E0B263-16C5-4A78-A12C-8945AA777B42}.AppStore|iPhoneSimulator.Build.0 = Debug|Any CPU
		{59E0B263-16C5-4A78-A12C-8945AA777B42}.AppStore|x64.ActiveCfg = Debug|Any CPU
		{59E0B263-16C5-4A78-A12C-8945AA777B42}.AppStore|x64.Build.0 = Debug|Any CPU
		{59E0B263-16C5-4A78-A12C-8945AA777B42}.AppStore|x86.ActiveCfg = Debug|Any CPU
		{59E0B263-16C5-4A78-A12C-8945AA777B42}.AppStore|x86.Build.0 = Debug|Any CPU
		{59E0B263-16C5-4A78-A12C-8945AA777B42}.Debug|Any CPU.ActiveCfg = Debug|Any CPU
		{59E0B263-16C5-4A78-A12C-8945AA777B42}.Debug|Any CPU.Build.0 = Debug|Any CPU
		{59E0B263-16C5-4A78-A12C-8945AA777B42}.Debug|ARM.ActiveCfg = Debug|Any CPU
		{59E0B263-16C5-4A78-A12C-8945AA777B42}.Debug|ARM.Build.0 = Debug|Any CPU
		{59E0B263-16C5-4A78-A12C-8945AA777B42}.Debug|iPhone.ActiveCfg = Debug|Any CPU
		{59E0B263-16C5-4A78-A12C-8945AA777B42}.Debug|iPhone.Build.0 = Debug|Any CPU
		{59E0B263-16C5-4A78-A12C-8945AA777B42}.Debug|iPhoneSimulator.ActiveCfg = Debug|Any CPU
		{59E0B263-16C5-4A78-A12C-8945AA777B42}.Debug|iPhoneSimulator.Build.0 = Debug|Any CPU
		{59E0B263-16C5-4A78-A12C-8945AA777B42}.Debug|x64.ActiveCfg = Debug|Any CPU
		{59E0B263-16C5-4A78-A12C-8945AA777B42}.Debug|x64.Build.0 = Debug|Any CPU
		{59E0B263-16C5-4A78-A12C-8945AA777B42}.Debug|x86.ActiveCfg = Debug|Any CPU
		{59E0B263-16C5-4A78-A12C-8945AA777B42}.Debug|x86.Build.0 = Debug|Any CPU
		{59E0B263-16C5-4A78-A12C-8945AA777B42}.Release|Any CPU.ActiveCfg = Release|Any CPU
		{59E0B263-16C5-4A78-A12C-8945AA777B42}.Release|Any CPU.Build.0 = Release|Any CPU
		{59E0B263-16C5-4A78-A12C-8945AA777B42}.Release|ARM.ActiveCfg = Release|Any CPU
		{59E0B263-16C5-4A78-A12C-8945AA777B42}.Release|ARM.Build.0 = Release|Any CPU
		{59E0B263-16C5-4A78-A12C-8945AA777B42}.Release|iPhone.ActiveCfg = Release|Any CPU
		{59E0B263-16C5-4A78-A12C-8945AA777B42}.Release|iPhone.Build.0 = Release|Any CPU
		{59E0B263-16C5-4A78-A12C-8945AA777B42}.Release|iPhoneSimulator.ActiveCfg = Release|Any CPU
		{59E0B263-16C5-4A78-A12C-8945AA777B42}.Release|iPhoneSimulator.Build.0 = Release|Any CPU
		{59E0B263-16C5-4A78-A12C-8945AA777B42}.Release|x64.ActiveCfg = Release|Any CPU
		{59E0B263-16C5-4A78-A12C-8945AA777B42}.Release|x64.Build.0 = Release|Any CPU
		{59E0B263-16C5-4A78-A12C-8945AA777B42}.Release|x86.ActiveCfg = Release|Any CPU
		{59E0B263-16C5-4A78-A12C-8945AA777B42}.Release|x86.Build.0 = Release|Any CPU
		{2578CC75-52CA-4E97-9C97-A8453E0058CA}.Ad-Hoc|Any CPU.ActiveCfg = Release|Any CPU
		{2578CC75-52CA-4E97-9C97-A8453E0058CA}.Ad-Hoc|Any CPU.Build.0 = Release|Any CPU
		{2578CC75-52CA-4E97-9C97-A8453E0058CA}.Ad-Hoc|Any CPU.Deploy.0 = Release|Any CPU
		{2578CC75-52CA-4E97-9C97-A8453E0058CA}.Ad-Hoc|ARM.ActiveCfg = Release|Any CPU
		{2578CC75-52CA-4E97-9C97-A8453E0058CA}.Ad-Hoc|ARM.Build.0 = Release|Any CPU
		{2578CC75-52CA-4E97-9C97-A8453E0058CA}.Ad-Hoc|ARM.Deploy.0 = Release|Any CPU
		{2578CC75-52CA-4E97-9C97-A8453E0058CA}.Ad-Hoc|iPhone.ActiveCfg = Release|Any CPU
		{2578CC75-52CA-4E97-9C97-A8453E0058CA}.Ad-Hoc|iPhone.Build.0 = Release|Any CPU
		{2578CC75-52CA-4E97-9C97-A8453E0058CA}.Ad-Hoc|iPhone.Deploy.0 = Release|Any CPU
		{2578CC75-52CA-4E97-9C97-A8453E0058CA}.Ad-Hoc|iPhoneSimulator.ActiveCfg = Release|Any CPU
		{2578CC75-52CA-4E97-9C97-A8453E0058CA}.Ad-Hoc|iPhoneSimulator.Build.0 = Release|Any CPU
		{2578CC75-52CA-4E97-9C97-A8453E0058CA}.Ad-Hoc|iPhoneSimulator.Deploy.0 = Release|Any CPU
		{2578CC75-52CA-4E97-9C97-A8453E0058CA}.Ad-Hoc|x64.ActiveCfg = Release|Any CPU
		{2578CC75-52CA-4E97-9C97-A8453E0058CA}.Ad-Hoc|x64.Build.0 = Release|Any CPU
		{2578CC75-52CA-4E97-9C97-A8453E0058CA}.Ad-Hoc|x64.Deploy.0 = Release|Any CPU
		{2578CC75-52CA-4E97-9C97-A8453E0058CA}.Ad-Hoc|x86.ActiveCfg = Release|Any CPU
		{2578CC75-52CA-4E97-9C97-A8453E0058CA}.Ad-Hoc|x86.Build.0 = Release|Any CPU
		{2578CC75-52CA-4E97-9C97-A8453E0058CA}.Ad-Hoc|x86.Deploy.0 = Release|Any CPU
		{2578CC75-52CA-4E97-9C97-A8453E0058CA}.AppStore|Any CPU.ActiveCfg = Release|Any CPU
		{2578CC75-52CA-4E97-9C97-A8453E0058CA}.AppStore|Any CPU.Build.0 = Release|Any CPU
		{2578CC75-52CA-4E97-9C97-A8453E0058CA}.AppStore|Any CPU.Deploy.0 = Release|Any CPU
		{2578CC75-52CA-4E97-9C97-A8453E0058CA}.AppStore|ARM.ActiveCfg = Release|Any CPU
		{2578CC75-52CA-4E97-9C97-A8453E0058CA}.AppStore|ARM.Build.0 = Release|Any CPU
		{2578CC75-52CA-4E97-9C97-A8453E0058CA}.AppStore|ARM.Deploy.0 = Release|Any CPU
		{2578CC75-52CA-4E97-9C97-A8453E0058CA}.AppStore|iPhone.ActiveCfg = Release|Any CPU
		{2578CC75-52CA-4E97-9C97-A8453E0058CA}.AppStore|iPhone.Build.0 = Release|Any CPU
		{2578CC75-52CA-4E97-9C97-A8453E0058CA}.AppStore|iPhone.Deploy.0 = Release|Any CPU
		{2578CC75-52CA-4E97-9C97-A8453E0058CA}.AppStore|iPhoneSimulator.ActiveCfg = Release|Any CPU
		{2578CC75-52CA-4E97-9C97-A8453E0058CA}.AppStore|iPhoneSimulator.Build.0 = Release|Any CPU
		{2578CC75-52CA-4E97-9C97-A8453E0058CA}.AppStore|iPhoneSimulator.Deploy.0 = Release|Any CPU
		{2578CC75-52CA-4E97-9C97-A8453E0058CA}.AppStore|x64.ActiveCfg = Release|Any CPU
		{2578CC75-52CA-4E97-9C97-A8453E0058CA}.AppStore|x64.Build.0 = Release|Any CPU
		{2578CC75-52CA-4E97-9C97-A8453E0058CA}.AppStore|x64.Deploy.0 = Release|Any CPU
		{2578CC75-52CA-4E97-9C97-A8453E0058CA}.AppStore|x86.ActiveCfg = Release|Any CPU
		{2578CC75-52CA-4E97-9C97-A8453E0058CA}.AppStore|x86.Build.0 = Release|Any CPU
		{2578CC75-52CA-4E97-9C97-A8453E0058CA}.AppStore|x86.Deploy.0 = Release|Any CPU
		{2578CC75-52CA-4E97-9C97-A8453E0058CA}.Debug|Any CPU.ActiveCfg = Debug|Any CPU
		{2578CC75-52CA-4E97-9C97-A8453E0058CA}.Debug|Any CPU.Build.0 = Debug|Any CPU
		{2578CC75-52CA-4E97-9C97-A8453E0058CA}.Debug|Any CPU.Deploy.0 = Debug|Any CPU
		{2578CC75-52CA-4E97-9C97-A8453E0058CA}.Debug|ARM.ActiveCfg = Debug|Any CPU
		{2578CC75-52CA-4E97-9C97-A8453E0058CA}.Debug|ARM.Build.0 = Debug|Any CPU
		{2578CC75-52CA-4E97-9C97-A8453E0058CA}.Debug|ARM.Deploy.0 = Debug|Any CPU
		{2578CC75-52CA-4E97-9C97-A8453E0058CA}.Debug|iPhone.ActiveCfg = Debug|Any CPU
		{2578CC75-52CA-4E97-9C97-A8453E0058CA}.Debug|iPhone.Build.0 = Debug|Any CPU
		{2578CC75-52CA-4E97-9C97-A8453E0058CA}.Debug|iPhone.Deploy.0 = Debug|Any CPU
		{2578CC75-52CA-4E97-9C97-A8453E0058CA}.Debug|iPhoneSimulator.ActiveCfg = Debug|Any CPU
		{2578CC75-52CA-4E97-9C97-A8453E0058CA}.Debug|iPhoneSimulator.Build.0 = Debug|Any CPU
		{2578CC75-52CA-4E97-9C97-A8453E0058CA}.Debug|iPhoneSimulator.Deploy.0 = Debug|Any CPU
		{2578CC75-52CA-4E97-9C97-A8453E0058CA}.Debug|x64.ActiveCfg = Debug|Any CPU
		{2578CC75-52CA-4E97-9C97-A8453E0058CA}.Debug|x64.Build.0 = Debug|Any CPU
		{2578CC75-52CA-4E97-9C97-A8453E0058CA}.Debug|x64.Deploy.0 = Debug|Any CPU
		{2578CC75-52CA-4E97-9C97-A8453E0058CA}.Debug|x86.ActiveCfg = Debug|Any CPU
		{2578CC75-52CA-4E97-9C97-A8453E0058CA}.Debug|x86.Build.0 = Debug|Any CPU
		{2578CC75-52CA-4E97-9C97-A8453E0058CA}.Debug|x86.Deploy.0 = Debug|Any CPU
		{2578CC75-52CA-4E97-9C97-A8453E0058CA}.Release|Any CPU.ActiveCfg = Release|Any CPU
		{2578CC75-52CA-4E97-9C97-A8453E0058CA}.Release|Any CPU.Build.0 = Release|Any CPU
		{2578CC75-52CA-4E97-9C97-A8453E0058CA}.Release|Any CPU.Deploy.0 = Release|Any CPU
		{2578CC75-52CA-4E97-9C97-A8453E0058CA}.Release|ARM.ActiveCfg = Release|Any CPU
		{2578CC75-52CA-4E97-9C97-A8453E0058CA}.Release|ARM.Build.0 = Release|Any CPU
		{2578CC75-52CA-4E97-9C97-A8453E0058CA}.Release|ARM.Deploy.0 = Release|Any CPU
		{2578CC75-52CA-4E97-9C97-A8453E0058CA}.Release|iPhone.ActiveCfg = Release|Any CPU
		{2578CC75-52CA-4E97-9C97-A8453E0058CA}.Release|iPhone.Build.0 = Release|Any CPU
		{2578CC75-52CA-4E97-9C97-A8453E0058CA}.Release|iPhone.Deploy.0 = Release|Any CPU
		{2578CC75-52CA-4E97-9C97-A8453E0058CA}.Release|iPhoneSimulator.ActiveCfg = Release|Any CPU
		{2578CC75-52CA-4E97-9C97-A8453E0058CA}.Release|iPhoneSimulator.Build.0 = Release|Any CPU
		{2578CC75-52CA-4E97-9C97-A8453E0058CA}.Release|iPhoneSimulator.Deploy.0 = Release|Any CPU
		{2578CC75-52CA-4E97-9C97-A8453E0058CA}.Release|x64.ActiveCfg = Release|Any CPU
		{2578CC75-52CA-4E97-9C97-A8453E0058CA}.Release|x64.Build.0 = Release|Any CPU
		{2578CC75-52CA-4E97-9C97-A8453E0058CA}.Release|x64.Deploy.0 = Release|Any CPU
		{2578CC75-52CA-4E97-9C97-A8453E0058CA}.Release|x86.ActiveCfg = Release|Any CPU
		{2578CC75-52CA-4E97-9C97-A8453E0058CA}.Release|x86.Build.0 = Release|Any CPU
		{2578CC75-52CA-4E97-9C97-A8453E0058CA}.Release|x86.Deploy.0 = Release|Any CPU
		{F880865B-0D7B-4CCD-9A2E-14CE59EC664F}.Ad-Hoc|Any CPU.ActiveCfg = Ad-Hoc|iPhone
		{F880865B-0D7B-4CCD-9A2E-14CE59EC664F}.Ad-Hoc|ARM.ActiveCfg = Ad-Hoc|iPhone
		{F880865B-0D7B-4CCD-9A2E-14CE59EC664F}.Ad-Hoc|iPhone.ActiveCfg = Ad-Hoc|iPhone
		{F880865B-0D7B-4CCD-9A2E-14CE59EC664F}.Ad-Hoc|iPhone.Build.0 = Ad-Hoc|iPhone
		{F880865B-0D7B-4CCD-9A2E-14CE59EC664F}.Ad-Hoc|iPhoneSimulator.ActiveCfg = Ad-Hoc|iPhoneSimulator
		{F880865B-0D7B-4CCD-9A2E-14CE59EC664F}.Ad-Hoc|iPhoneSimulator.Build.0 = Ad-Hoc|iPhoneSimulator
		{F880865B-0D7B-4CCD-9A2E-14CE59EC664F}.Ad-Hoc|x64.ActiveCfg = Ad-Hoc|iPhone
		{F880865B-0D7B-4CCD-9A2E-14CE59EC664F}.Ad-Hoc|x86.ActiveCfg = Ad-Hoc|iPhone
		{F880865B-0D7B-4CCD-9A2E-14CE59EC664F}.AppStore|Any CPU.ActiveCfg = AppStore|iPhone
		{F880865B-0D7B-4CCD-9A2E-14CE59EC664F}.AppStore|ARM.ActiveCfg = AppStore|iPhone
		{F880865B-0D7B-4CCD-9A2E-14CE59EC664F}.AppStore|iPhone.ActiveCfg = AppStore|iPhone
		{F880865B-0D7B-4CCD-9A2E-14CE59EC664F}.AppStore|iPhone.Build.0 = AppStore|iPhone
		{F880865B-0D7B-4CCD-9A2E-14CE59EC664F}.AppStore|iPhoneSimulator.ActiveCfg = AppStore|iPhoneSimulator
		{F880865B-0D7B-4CCD-9A2E-14CE59EC664F}.AppStore|iPhoneSimulator.Build.0 = AppStore|iPhoneSimulator
		{F880865B-0D7B-4CCD-9A2E-14CE59EC664F}.AppStore|x64.ActiveCfg = AppStore|iPhone
		{F880865B-0D7B-4CCD-9A2E-14CE59EC664F}.AppStore|x86.ActiveCfg = AppStore|iPhone
		{F880865B-0D7B-4CCD-9A2E-14CE59EC664F}.Debug|Any CPU.ActiveCfg = Debug|iPhone
		{F880865B-0D7B-4CCD-9A2E-14CE59EC664F}.Debug|ARM.ActiveCfg = Debug|iPhone
		{F880865B-0D7B-4CCD-9A2E-14CE59EC664F}.Debug|iPhone.ActiveCfg = Debug|iPhone
		{F880865B-0D7B-4CCD-9A2E-14CE59EC664F}.Debug|iPhone.Build.0 = Debug|iPhone
		{F880865B-0D7B-4CCD-9A2E-14CE59EC664F}.Debug|iPhoneSimulator.ActiveCfg = Debug|iPhoneSimulator
		{F880865B-0D7B-4CCD-9A2E-14CE59EC664F}.Debug|iPhoneSimulator.Build.0 = Debug|iPhoneSimulator
		{F880865B-0D7B-4CCD-9A2E-14CE59EC664F}.Debug|x64.ActiveCfg = Debug|iPhone
		{F880865B-0D7B-4CCD-9A2E-14CE59EC664F}.Debug|x86.ActiveCfg = Debug|iPhone
		{F880865B-0D7B-4CCD-9A2E-14CE59EC664F}.Release|Any CPU.ActiveCfg = Release|iPhone
		{F880865B-0D7B-4CCD-9A2E-14CE59EC664F}.Release|ARM.ActiveCfg = Release|iPhone
		{F880865B-0D7B-4CCD-9A2E-14CE59EC664F}.Release|iPhone.ActiveCfg = Release|iPhone
		{F880865B-0D7B-4CCD-9A2E-14CE59EC664F}.Release|iPhone.Build.0 = Release|iPhone
		{F880865B-0D7B-4CCD-9A2E-14CE59EC664F}.Release|iPhoneSimulator.ActiveCfg = Release|iPhoneSimulator
		{F880865B-0D7B-4CCD-9A2E-14CE59EC664F}.Release|iPhoneSimulator.Build.0 = Release|iPhoneSimulator
		{F880865B-0D7B-4CCD-9A2E-14CE59EC664F}.Release|x64.ActiveCfg = Release|iPhone
		{F880865B-0D7B-4CCD-9A2E-14CE59EC664F}.Release|x86.ActiveCfg = Release|iPhone
		{C9F8F163-6604-4D4A-A4D0-CAC6506C56AE}.Ad-Hoc|Any CPU.ActiveCfg = Release|x86
		{C9F8F163-6604-4D4A-A4D0-CAC6506C56AE}.Ad-Hoc|Any CPU.Build.0 = Release|x86
		{C9F8F163-6604-4D4A-A4D0-CAC6506C56AE}.Ad-Hoc|Any CPU.Deploy.0 = Release|x86
		{C9F8F163-6604-4D4A-A4D0-CAC6506C56AE}.Ad-Hoc|ARM.ActiveCfg = Release|ARM
		{C9F8F163-6604-4D4A-A4D0-CAC6506C56AE}.Ad-Hoc|ARM.Build.0 = Release|ARM
		{C9F8F163-6604-4D4A-A4D0-CAC6506C56AE}.Ad-Hoc|ARM.Deploy.0 = Release|ARM
		{C9F8F163-6604-4D4A-A4D0-CAC6506C56AE}.Ad-Hoc|iPhone.ActiveCfg = Release|x86
		{C9F8F163-6604-4D4A-A4D0-CAC6506C56AE}.Ad-Hoc|iPhone.Build.0 = Release|x86
		{C9F8F163-6604-4D4A-A4D0-CAC6506C56AE}.Ad-Hoc|iPhone.Deploy.0 = Release|x86
		{C9F8F163-6604-4D4A-A4D0-CAC6506C56AE}.Ad-Hoc|iPhoneSimulator.ActiveCfg = Release|x86
		{C9F8F163-6604-4D4A-A4D0-CAC6506C56AE}.Ad-Hoc|iPhoneSimulator.Build.0 = Release|x86
		{C9F8F163-6604-4D4A-A4D0-CAC6506C56AE}.Ad-Hoc|iPhoneSimulator.Deploy.0 = Release|x86
		{C9F8F163-6604-4D4A-A4D0-CAC6506C56AE}.Ad-Hoc|x64.ActiveCfg = Release|x64
		{C9F8F163-6604-4D4A-A4D0-CAC6506C56AE}.Ad-Hoc|x64.Build.0 = Release|x64
		{C9F8F163-6604-4D4A-A4D0-CAC6506C56AE}.Ad-Hoc|x64.Deploy.0 = Release|x64
		{C9F8F163-6604-4D4A-A4D0-CAC6506C56AE}.Ad-Hoc|x86.ActiveCfg = Release|x86
		{C9F8F163-6604-4D4A-A4D0-CAC6506C56AE}.Ad-Hoc|x86.Build.0 = Release|x86
		{C9F8F163-6604-4D4A-A4D0-CAC6506C56AE}.Ad-Hoc|x86.Deploy.0 = Release|x86
		{C9F8F163-6604-4D4A-A4D0-CAC6506C56AE}.AppStore|Any CPU.ActiveCfg = Release|x86
		{C9F8F163-6604-4D4A-A4D0-CAC6506C56AE}.AppStore|Any CPU.Build.0 = Release|x86
		{C9F8F163-6604-4D4A-A4D0-CAC6506C56AE}.AppStore|Any CPU.Deploy.0 = Release|x86
		{C9F8F163-6604-4D4A-A4D0-CAC6506C56AE}.AppStore|ARM.ActiveCfg = Release|ARM
		{C9F8F163-6604-4D4A-A4D0-CAC6506C56AE}.AppStore|ARM.Build.0 = Release|ARM
		{C9F8F163-6604-4D4A-A4D0-CAC6506C56AE}.AppStore|ARM.Deploy.0 = Release|ARM
		{C9F8F163-6604-4D4A-A4D0-CAC6506C56AE}.AppStore|iPhone.ActiveCfg = Release|x86
		{C9F8F163-6604-4D4A-A4D0-CAC6506C56AE}.AppStore|iPhone.Build.0 = Release|x86
		{C9F8F163-6604-4D4A-A4D0-CAC6506C56AE}.AppStore|iPhone.Deploy.0 = Release|x86
		{C9F8F163-6604-4D4A-A4D0-CAC6506C56AE}.AppStore|iPhoneSimulator.ActiveCfg = Release|x86
		{C9F8F163-6604-4D4A-A4D0-CAC6506C56AE}.AppStore|iPhoneSimulator.Build.0 = Release|x86
		{C9F8F163-6604-4D4A-A4D0-CAC6506C56AE}.AppStore|iPhoneSimulator.Deploy.0 = Release|x86
		{C9F8F163-6604-4D4A-A4D0-CAC6506C56AE}.AppStore|x64.ActiveCfg = Release|x64
		{C9F8F163-6604-4D4A-A4D0-CAC6506C56AE}.AppStore|x64.Build.0 = Release|x64
		{C9F8F163-6604-4D4A-A4D0-CAC6506C56AE}.AppStore|x64.Deploy.0 = Release|x64
		{C9F8F163-6604-4D4A-A4D0-CAC6506C56AE}.AppStore|x86.ActiveCfg = Release|x86
		{C9F8F163-6604-4D4A-A4D0-CAC6506C56AE}.AppStore|x86.Build.0 = Release|x86
		{C9F8F163-6604-4D4A-A4D0-CAC6506C56AE}.AppStore|x86.Deploy.0 = Release|x86
		{C9F8F163-6604-4D4A-A4D0-CAC6506C56AE}.Debug|Any CPU.ActiveCfg = Debug|x86
		{C9F8F163-6604-4D4A-A4D0-CAC6506C56AE}.Debug|ARM.ActiveCfg = Debug|ARM
		{C9F8F163-6604-4D4A-A4D0-CAC6506C56AE}.Debug|ARM.Build.0 = Debug|ARM
		{C9F8F163-6604-4D4A-A4D0-CAC6506C56AE}.Debug|ARM.Deploy.0 = Debug|ARM
		{C9F8F163-6604-4D4A-A4D0-CAC6506C56AE}.Debug|iPhone.ActiveCfg = Debug|x86
		{C9F8F163-6604-4D4A-A4D0-CAC6506C56AE}.Debug|iPhoneSimulator.ActiveCfg = Debug|x86
		{C9F8F163-6604-4D4A-A4D0-CAC6506C56AE}.Debug|x64.ActiveCfg = Debug|x64
		{C9F8F163-6604-4D4A-A4D0-CAC6506C56AE}.Debug|x64.Build.0 = Debug|x64
		{C9F8F163-6604-4D4A-A4D0-CAC6506C56AE}.Debug|x64.Deploy.0 = Debug|x64
		{C9F8F163-6604-4D4A-A4D0-CAC6506C56AE}.Debug|x86.ActiveCfg = Debug|x86
		{C9F8F163-6604-4D4A-A4D0-CAC6506C56AE}.Debug|x86.Build.0 = Debug|x86
		{C9F8F163-6604-4D4A-A4D0-CAC6506C56AE}.Debug|x86.Deploy.0 = Debug|x86
		{C9F8F163-6604-4D4A-A4D0-CAC6506C56AE}.Release|Any CPU.ActiveCfg = Release|x86
		{C9F8F163-6604-4D4A-A4D0-CAC6506C56AE}.Release|ARM.ActiveCfg = Release|ARM
		{C9F8F163-6604-4D4A-A4D0-CAC6506C56AE}.Release|ARM.Build.0 = Release|ARM
		{C9F8F163-6604-4D4A-A4D0-CAC6506C56AE}.Release|ARM.Deploy.0 = Release|ARM
		{C9F8F163-6604-4D4A-A4D0-CAC6506C56AE}.Release|iPhone.ActiveCfg = Release|x86
		{C9F8F163-6604-4D4A-A4D0-CAC6506C56AE}.Release|iPhoneSimulator.ActiveCfg = Release|x86
		{C9F8F163-6604-4D4A-A4D0-CAC6506C56AE}.Release|x64.ActiveCfg = Release|x64
		{C9F8F163-6604-4D4A-A4D0-CAC6506C56AE}.Release|x64.Build.0 = Release|x64
		{C9F8F163-6604-4D4A-A4D0-CAC6506C56AE}.Release|x64.Deploy.0 = Release|x64
		{C9F8F163-6604-4D4A-A4D0-CAC6506C56AE}.Release|x86.ActiveCfg = Release|x86
		{C9F8F163-6604-4D4A-A4D0-CAC6506C56AE}.Release|x86.Build.0 = Release|x86
		{C9F8F163-6604-4D4A-A4D0-CAC6506C56AE}.Release|x86.Deploy.0 = Release|x86
	EndGlobalSection
	GlobalSection(SolutionProperties) = preSolution
		HideSolutionNode = FALSE
	EndGlobalSection
	GlobalSection(ExtensibilityGlobals) = postSolution
		SolutionGuid = {DC9BEC60-F434-4837-AA29-FC24BB8D15BE}
	EndGlobalSection
EndGlobal
